{
  "name": "phaser-matter-spacegame",
  "version": "1.0.0",
  "lockfileVersion": 3,
  "requires": true,
  "packages": {
    "": {
      "name": "phaser-matter-spacegame",
      "version": "1.0.0",
      "license": "ISC",
      "dependencies": {
        "phaser": "^3.85.2",
        "preact": "^10.24.1"
      },
      "devDependencies": {
        "process": "^0.11.10"
      }
    },
    "node_modules/eventemitter3": {
      "version": "5.0.1",
      "resolved": "https://registry.npmjs.org/eventemitter3/-/eventemitter3-5.0.1.tgz",
      "integrity": "sha512-GWkBvjiSZK87ELrYOSESUYeVIc9mvLLf/nXalMOS5dYrgZq9o5OVkbZAVM06CVxYsCwH9BDZFPlQTlPA1j4ahA=="
    },
    "node_modules/phaser": {
      "version": "3.85.2",
      "resolved": "https://registry.npmjs.org/phaser/-/phaser-3.85.2.tgz",
      "integrity": "sha512-bD/58E1gvCsEH0Lftb2BiJ8FQ86kb8HHOS656lLXPwg8ZXkskZGsfdyQO21Y57+neGOUEaUthSFfDyVULy5B1g==",
      "dependencies": {
        "eventemitter3": "^5.0.1"
      }
    },
    "node_modules/preact": {
      "version": "10.24.1",
      "resolved": "https://registry.npmjs.org/preact/-/preact-10.24.1.tgz",
      "integrity": "sha512-PnBAwFI3Yjxxcxw75n6VId/5TFxNW/81zexzWD9jn1+eSrOP84NdsS38H5IkF/UH3frqRPT+MvuCoVHjTDTnDw==",
      "funding": {
        "type": "opencollective",
        "url": "https://opencollective.com/preact"
      }
    },
    "node_modules/process": {
      "version": "0.11.10",
      "resolved": "https://registry.npmjs.org/process/-/process-0.11.10.tgz",
      "integrity": "sha512-cdGef/drWFoydD1JsMzuFf8100nZl+GT+yacc2bEced5f9Rjk4z+WtFUTBu9PhOi9j/jfmBPu0mMEY4wIdAF8A==",
      "dev": true,
      "engines": {
        "node": ">= 0.6.0"
      }
    }
  }
}
